{
  "name": "js",
  "lockfileVersion": 3,
  "requires": true,
  "packages": {
    "": {
      "dependencies": {
        "@unipost/sdk": "^0.1.0"
      }
    },
    "node_modules/@unipost/sdk": {
      "version": "0.1.0",
      "resolved": "https://registry.npmjs.org/@unipost/sdk/-/sdk-0.1.0.tgz",
      "integrity": "sha512-rY2iNzGXed8er6FBnUojVJw/VVw916FFXKKEa53rdo4Qicjm6UIfxWonGlB9pwUhDEWiRhV+oUZU3xJKL5K8Iw==",
      "license": "MIT",
      "engines": {
        "node": ">=18"
      }
    }
  }
}
